
Microsoft Visual Studio Solution File, Format Version 12.00
# Visual Studio Version 16
VisualStudioVersion = 16.0.30711.63
MinimumVisualStudioVersion = 10.0.40219.1
Project("{9A19103F-16F7-4668-BE54-9A1E7A4F7556}") = "demo_openFolderDialog", "demo_openFolderDialog\demo_openFolderDialog.csproj", "{7039E55E-7495-4590-8A32-36C6012BAC11}"
EndProject
Project("{9A19103F-16F7-4668-BE54-9A1E7A4F7556}") = "demo_listView", "demo_listView\demo_listView.csproj", "{63F1E688-ED79-43EE-81BB-31056798B813}"
EndProject
Project("{9A19103F-16F7-4668-BE54-9A1E7A4F7556}") = "demo_json_serialization", "demo_json_serialization\demo_json_serialization.csproj", "{14D23725-6CF3-4F2E-8A76-967F70D15969}"
EndProject
Project("{9A19103F-16F7-4668-BE54-9A1E7A4F7556}") = "serialization_object", "serialization_object\serialization_object.csproj", "{EE42A704-D169-427D-A31E-D6823C08FCCC}"
EndProject
Global
	GlobalSection(SolutionConfigurationPlatforms) = preSolution
		Debug|Any CPU = Debug|Any CPU
		Release|Any CPU = Release|Any CPU
	EndGlobalSection
	GlobalSection(ProjectConfigurationPlatforms) = postSolution
		{7039E55E-7495-4590-8A32-36C6012BAC11}.Debug|Any CPU.ActiveCfg = Debug|Any CPU
		{7039E55E-7495-4590-8A32-36C6012BAC11}.Debug|Any CPU.Build.0 = Debug|Any CPU
		{7039E55E-7495-4590-8A32-36C6012BAC11}.Release|Any CPU.ActiveCfg = Release|Any CPU
		{7039E55E-7495-4590-8A32-36C6012BAC11}.Release|Any CPU.Build.0 = Release|Any CPU
		{63F1E688-ED79-43EE-81BB-31056798B813}.Debug|Any CPU.ActiveCfg = Debug|Any CPU
		{63F1E688-ED79-43EE-81BB-31056798B813}.Debug|Any CPU.Build.0 = Debug|Any CPU
		{63F1E688-ED79-43EE-81BB-31056798B813}.Release|Any CPU.ActiveCfg = Release|Any CPU
		{63F1E688-ED79-43EE-81BB-31056798B813}.Release|Any CPU.Build.0 = Release|Any CPU
		{14D23725-6CF3-4F2E-8A76-967F70D15969}.Debug|Any CPU.ActiveCfg = Debug|Any CPU
		{14D23725-6CF3-4F2E-8A76-967F70D15969}.Debug|Any CPU.Build.0 = Debug|Any CPU
		{14D23725-6CF3-4F2E-8A76-967F70D15969}.Release|Any CPU.ActiveCfg = Release|Any CPU
		{14D23725-6CF3-4F2E-8A76-967F70D15969}.Release|Any CPU.Build.0 = Release|Any CPU
		{EE42A704-D169-427D-A31E-D6823C08FCCC}.Debug|Any CPU.ActiveCfg = Debug|Any CPU
		{EE42A704-D169-427D-A31E-D6823C08FCCC}.Debug|Any CPU.Build.0 = Debug|Any CPU
		{EE42A704-D169-427D-A31E-D6823C08FCCC}.Release|Any CPU.ActiveCfg = Release|Any CPU
		{EE42A704-D169-427D-A31E-D6823C08FCCC}.Release|Any CPU.Build.0 = Release|Any CPU
	EndGlobalSection
	GlobalSection(SolutionProperties) = preSolution
		HideSolutionNode = FALSE
	EndGlobalSection
	GlobalSection(ExtensibilityGlobals) = postSolution
		SolutionGuid = {DC9A0788-1BBF-4F70-BC1F-DFBE12FCFD8C}
	EndGlobalSection
EndGlobal
