
Microsoft Visual Studio Solution File, Format Version 12.00
# Visual Studio Version 16
VisualStudioVersion = 16.0.30711.63
MinimumVisualStudioVersion = 10.0.40219.1
Project("{FAE04EC0-301F-11D3-BF4B-00C04F79EFBC}") = "demo_openFolderDialog", "demo_openFolderDialog\demo_openFolderDialog.csproj", "{7039E55E-7495-4590-8A32-36C6012BAC11}"
EndProject
Global
	GlobalSection(SolutionConfigurationPlatforms) = preSolution
		Debug|Any CPU = Debug|Any CPU
		Release|Any CPU = Release|Any CPU
	EndGlobalSection
	GlobalSection(ProjectConfigurationPlatforms) = postSolution
		{7039E55E-7495-4590-8A32-36C6012BAC11}.Debug|Any CPU.ActiveCfg = Debug|Any CPU
		{7039E55E-7495-4590-8A32-36C6012BAC11}.Debug|Any CPU.Build.0 = Debug|Any CPU
		{7039E55E-7495-4590-8A32-36C6012BAC11}.Release|Any CPU.ActiveCfg = Release|Any CPU
		{7039E55E-7495-4590-8A32-36C6012BAC11}.Release|Any CPU.Build.0 = Release|Any CPU
	EndGlobalSection
	GlobalSection(SolutionProperties) = preSolution
		HideSolutionNode = FALSE
	EndGlobalSection
	GlobalSection(ExtensibilityGlobals) = postSolution
		SolutionGuid = {DC9A0788-1BBF-4F70-BC1F-DFBE12FCFD8C}
	EndGlobalSection
EndGlobal
