
Microsoft Visual Studio Solution File, Format Version 12.00
# Visual Studio Version 16
VisualStudioVersion = 16.0.30320.27
MinimumVisualStudioVersion = 10.0.40219.1
Project("{9A19103F-16F7-4668-BE54-9A1E7A4F7556}") = "01_sync_breakfast", "01_async_programming\01_sync_breakfast.csproj", "{64436F4D-A623-4033-9956-BB382C246DFD}"
EndProject
Project("{9A19103F-16F7-4668-BE54-9A1E7A4F7556}") = "02_await_breakfast", "02_async_programming\02_await_breakfast.csproj", "{6431C6ED-5F2A-4B67-AF79-E875C0968A3F}"
EndProject
Project("{9A19103F-16F7-4668-BE54-9A1E7A4F7556}") = "03_async_breakfast", "03_async_programming\03_async_breakfast.csproj", "{4AD16488-FDF5-4951-A8D1-4576038E4511}"
EndProject
Project("{9A19103F-16F7-4668-BE54-9A1E7A4F7556}") = "04_composition_async_breakfast", "04_async_programming\04_composition_async_breakfast.csproj", "{E8504823-3E3B-4771-98E5-F9691ACE5BFE}"
EndProject
Project("{9A19103F-16F7-4668-BE54-9A1E7A4F7556}") = "05_whenAll_async_breakfast", "05_async_programming\05_whenAll_async_breakfast.csproj", "{62AE4622-071D-44FF-8325-C836C78B5AA7}"
EndProject
Project("{9A19103F-16F7-4668-BE54-9A1E7A4F7556}") = "06_whenAny_async_breakfast", "06_async_programming\06_whenAny_async_breakfast.csproj", "{5B5ABE3A-A916-42AC-984C-26A69792F75B}"
EndProject
Project("{2150E333-8FDC-42A3-9474-1A3956D46DE8}") = "Microsoft", "Microsoft", "{A0D9E2A3-4DAB-4525-9961-3C06A5718CAC}"
EndProject
Project("{2150E333-8FDC-42A3-9474-1A3956D46DE8}") = "Tim_Corey", "Tim_Corey", "{851A967D-76FA-4437-A586-FC51C9584C8D}"
EndProject
Project("{9A19103F-16F7-4668-BE54-9A1E7A4F7556}") = "01_web_calls", "01_web_calls\01_web_calls.csproj", "{DD8B622E-D262-497A-8DE9-C474D330CC95}"
EndProject
Project("{9A19103F-16F7-4668-BE54-9A1E7A4F7556}") = "02_web_calls_wrapped", "02_web_calls_wrapped\02_web_calls_wrapped.csproj", "{5FADE9EE-A5A2-450D-A051-FDB2DF0A0895}"
EndProject
Project("{9A19103F-16F7-4668-BE54-9A1E7A4F7556}") = "03_web_calls_async_click", "03_web_calls_task\03_web_calls_async_click.csproj", "{62252D17-0DBA-4D62-894A-250DFBC34ED6}"
EndProject
Project("{9A19103F-16F7-4668-BE54-9A1E7A4F7556}") = "04_web_calls_async_whenAll", "04_web_calls_await_task\04_web_calls_async_whenAll.csproj", "{04FC211D-6F94-4EBD-91E3-9BC96FA93989}"
EndProject
Project("{9A19103F-16F7-4668-BE54-9A1E7A4F7556}") = "05_web_calls_async_download", "05_web_calls_async_download\05_web_calls_async_download.csproj", "{D713523A-C6EA-4169-AEA1-F6578259551E}"
EndProject
Project("{9A19103F-16F7-4668-BE54-9A1E7A4F7556}") = "06_web_calls_async_whenAny", "06_web_calls_async_whenAny\06_web_calls_async_whenAny.csproj", "{1655041C-C5AB-41C6-83ED-4BF5AED3C576}"
EndProject
Project("{9A19103F-16F7-4668-BE54-9A1E7A4F7556}") = "07_web_calls_async_progress", "07_web_calls_async_progress\07_web_calls_async_progress.csproj", "{5D82A4EF-FC94-47EB-B88C-C9DCD3A53741}"
EndProject
Project("{9A19103F-16F7-4668-BE54-9A1E7A4F7556}") = "08_web_calls_async_cancel", "08_web_calls_async_cancel\08_web_calls_async_cancel.csproj", "{B5EE95D2-8680-47FE-8363-2ECFF713C2CE}"
EndProject
Project("{9A19103F-16F7-4668-BE54-9A1E7A4F7556}") = "09_web_calls_async_parallel", "09_web_calls_async_parallel\09_web_calls_async_parallel.csproj", "{FAC6DE86-89D9-4764-B072-7730071BF00C}"
EndProject
Global
	GlobalSection(SolutionConfigurationPlatforms) = preSolution
		Debug|Any CPU = Debug|Any CPU
		Release|Any CPU = Release|Any CPU
	EndGlobalSection
	GlobalSection(ProjectConfigurationPlatforms) = postSolution
		{64436F4D-A623-4033-9956-BB382C246DFD}.Debug|Any CPU.ActiveCfg = Debug|Any CPU
		{64436F4D-A623-4033-9956-BB382C246DFD}.Debug|Any CPU.Build.0 = Debug|Any CPU
		{64436F4D-A623-4033-9956-BB382C246DFD}.Release|Any CPU.ActiveCfg = Release|Any CPU
		{64436F4D-A623-4033-9956-BB382C246DFD}.Release|Any CPU.Build.0 = Release|Any CPU
		{6431C6ED-5F2A-4B67-AF79-E875C0968A3F}.Debug|Any CPU.ActiveCfg = Debug|Any CPU
		{6431C6ED-5F2A-4B67-AF79-E875C0968A3F}.Debug|Any CPU.Build.0 = Debug|Any CPU
		{6431C6ED-5F2A-4B67-AF79-E875C0968A3F}.Release|Any CPU.ActiveCfg = Release|Any CPU
		{6431C6ED-5F2A-4B67-AF79-E875C0968A3F}.Release|Any CPU.Build.0 = Release|Any CPU
		{4AD16488-FDF5-4951-A8D1-4576038E4511}.Debug|Any CPU.ActiveCfg = Debug|Any CPU
		{4AD16488-FDF5-4951-A8D1-4576038E4511}.Debug|Any CPU.Build.0 = Debug|Any CPU
		{4AD16488-FDF5-4951-A8D1-4576038E4511}.Release|Any CPU.ActiveCfg = Release|Any CPU
		{4AD16488-FDF5-4951-A8D1-4576038E4511}.Release|Any CPU.Build.0 = Release|Any CPU
		{E8504823-3E3B-4771-98E5-F9691ACE5BFE}.Debug|Any CPU.ActiveCfg = Debug|Any CPU
		{E8504823-3E3B-4771-98E5-F9691ACE5BFE}.Debug|Any CPU.Build.0 = Debug|Any CPU
		{E8504823-3E3B-4771-98E5-F9691ACE5BFE}.Release|Any CPU.ActiveCfg = Release|Any CPU
		{E8504823-3E3B-4771-98E5-F9691ACE5BFE}.Release|Any CPU.Build.0 = Release|Any CPU
		{62AE4622-071D-44FF-8325-C836C78B5AA7}.Debug|Any CPU.ActiveCfg = Debug|Any CPU
		{62AE4622-071D-44FF-8325-C836C78B5AA7}.Debug|Any CPU.Build.0 = Debug|Any CPU
		{62AE4622-071D-44FF-8325-C836C78B5AA7}.Release|Any CPU.ActiveCfg = Release|Any CPU
		{62AE4622-071D-44FF-8325-C836C78B5AA7}.Release|Any CPU.Build.0 = Release|Any CPU
		{5B5ABE3A-A916-42AC-984C-26A69792F75B}.Debug|Any CPU.ActiveCfg = Debug|Any CPU
		{5B5ABE3A-A916-42AC-984C-26A69792F75B}.Debug|Any CPU.Build.0 = Debug|Any CPU
		{5B5ABE3A-A916-42AC-984C-26A69792F75B}.Release|Any CPU.ActiveCfg = Release|Any CPU
		{5B5ABE3A-A916-42AC-984C-26A69792F75B}.Release|Any CPU.Build.0 = Release|Any CPU
		{DD8B622E-D262-497A-8DE9-C474D330CC95}.Debug|Any CPU.ActiveCfg = Debug|Any CPU
		{DD8B622E-D262-497A-8DE9-C474D330CC95}.Debug|Any CPU.Build.0 = Debug|Any CPU
		{DD8B622E-D262-497A-8DE9-C474D330CC95}.Release|Any CPU.ActiveCfg = Release|Any CPU
		{DD8B622E-D262-497A-8DE9-C474D330CC95}.Release|Any CPU.Build.0 = Release|Any CPU
		{5FADE9EE-A5A2-450D-A051-FDB2DF0A0895}.Debug|Any CPU.ActiveCfg = Debug|Any CPU
		{5FADE9EE-A5A2-450D-A051-FDB2DF0A0895}.Debug|Any CPU.Build.0 = Debug|Any CPU
		{5FADE9EE-A5A2-450D-A051-FDB2DF0A0895}.Release|Any CPU.ActiveCfg = Release|Any CPU
		{5FADE9EE-A5A2-450D-A051-FDB2DF0A0895}.Release|Any CPU.Build.0 = Release|Any CPU
		{62252D17-0DBA-4D62-894A-250DFBC34ED6}.Debug|Any CPU.ActiveCfg = Debug|Any CPU
		{62252D17-0DBA-4D62-894A-250DFBC34ED6}.Debug|Any CPU.Build.0 = Debug|Any CPU
		{62252D17-0DBA-4D62-894A-250DFBC34ED6}.Release|Any CPU.ActiveCfg = Release|Any CPU
		{62252D17-0DBA-4D62-894A-250DFBC34ED6}.Release|Any CPU.Build.0 = Release|Any CPU
		{04FC211D-6F94-4EBD-91E3-9BC96FA93989}.Debug|Any CPU.ActiveCfg = Debug|Any CPU
		{04FC211D-6F94-4EBD-91E3-9BC96FA93989}.Debug|Any CPU.Build.0 = Debug|Any CPU
		{04FC211D-6F94-4EBD-91E3-9BC96FA93989}.Release|Any CPU.ActiveCfg = Release|Any CPU
		{04FC211D-6F94-4EBD-91E3-9BC96FA93989}.Release|Any CPU.Build.0 = Release|Any CPU
		{D713523A-C6EA-4169-AEA1-F6578259551E}.Debug|Any CPU.ActiveCfg = Debug|Any CPU
		{D713523A-C6EA-4169-AEA1-F6578259551E}.Debug|Any CPU.Build.0 = Debug|Any CPU
		{D713523A-C6EA-4169-AEA1-F6578259551E}.Release|Any CPU.ActiveCfg = Release|Any CPU
		{D713523A-C6EA-4169-AEA1-F6578259551E}.Release|Any CPU.Build.0 = Release|Any CPU
		{1655041C-C5AB-41C6-83ED-4BF5AED3C576}.Debug|Any CPU.ActiveCfg = Debug|Any CPU
		{1655041C-C5AB-41C6-83ED-4BF5AED3C576}.Debug|Any CPU.Build.0 = Debug|Any CPU
		{1655041C-C5AB-41C6-83ED-4BF5AED3C576}.Release|Any CPU.ActiveCfg = Release|Any CPU
		{1655041C-C5AB-41C6-83ED-4BF5AED3C576}.Release|Any CPU.Build.0 = Release|Any CPU
		{5D82A4EF-FC94-47EB-B88C-C9DCD3A53741}.Debug|Any CPU.ActiveCfg = Debug|Any CPU
		{5D82A4EF-FC94-47EB-B88C-C9DCD3A53741}.Debug|Any CPU.Build.0 = Debug|Any CPU
		{5D82A4EF-FC94-47EB-B88C-C9DCD3A53741}.Release|Any CPU.ActiveCfg = Release|Any CPU
		{5D82A4EF-FC94-47EB-B88C-C9DCD3A53741}.Release|Any CPU.Build.0 = Release|Any CPU
		{B5EE95D2-8680-47FE-8363-2ECFF713C2CE}.Debug|Any CPU.ActiveCfg = Debug|Any CPU
		{B5EE95D2-8680-47FE-8363-2ECFF713C2CE}.Debug|Any CPU.Build.0 = Debug|Any CPU
		{B5EE95D2-8680-47FE-8363-2ECFF713C2CE}.Release|Any CPU.ActiveCfg = Release|Any CPU
		{B5EE95D2-8680-47FE-8363-2ECFF713C2CE}.Release|Any CPU.Build.0 = Release|Any CPU
		{FAC6DE86-89D9-4764-B072-7730071BF00C}.Debug|Any CPU.ActiveCfg = Debug|Any CPU
		{FAC6DE86-89D9-4764-B072-7730071BF00C}.Debug|Any CPU.Build.0 = Debug|Any CPU
		{FAC6DE86-89D9-4764-B072-7730071BF00C}.Release|Any CPU.ActiveCfg = Release|Any CPU
		{FAC6DE86-89D9-4764-B072-7730071BF00C}.Release|Any CPU.Build.0 = Release|Any CPU
	EndGlobalSection
	GlobalSection(SolutionProperties) = preSolution
		HideSolutionNode = FALSE
	EndGlobalSection
	GlobalSection(NestedProjects) = preSolution
		{64436F4D-A623-4033-9956-BB382C246DFD} = {A0D9E2A3-4DAB-4525-9961-3C06A5718CAC}
		{6431C6ED-5F2A-4B67-AF79-E875C0968A3F} = {A0D9E2A3-4DAB-4525-9961-3C06A5718CAC}
		{4AD16488-FDF5-4951-A8D1-4576038E4511} = {A0D9E2A3-4DAB-4525-9961-3C06A5718CAC}
		{E8504823-3E3B-4771-98E5-F9691ACE5BFE} = {A0D9E2A3-4DAB-4525-9961-3C06A5718CAC}
		{62AE4622-071D-44FF-8325-C836C78B5AA7} = {A0D9E2A3-4DAB-4525-9961-3C06A5718CAC}
		{5B5ABE3A-A916-42AC-984C-26A69792F75B} = {A0D9E2A3-4DAB-4525-9961-3C06A5718CAC}
		{DD8B622E-D262-497A-8DE9-C474D330CC95} = {851A967D-76FA-4437-A586-FC51C9584C8D}
		{5FADE9EE-A5A2-450D-A051-FDB2DF0A0895} = {851A967D-76FA-4437-A586-FC51C9584C8D}
		{62252D17-0DBA-4D62-894A-250DFBC34ED6} = {851A967D-76FA-4437-A586-FC51C9584C8D}
		{04FC211D-6F94-4EBD-91E3-9BC96FA93989} = {851A967D-76FA-4437-A586-FC51C9584C8D}
		{D713523A-C6EA-4169-AEA1-F6578259551E} = {851A967D-76FA-4437-A586-FC51C9584C8D}
		{1655041C-C5AB-41C6-83ED-4BF5AED3C576} = {851A967D-76FA-4437-A586-FC51C9584C8D}
		{5D82A4EF-FC94-47EB-B88C-C9DCD3A53741} = {851A967D-76FA-4437-A586-FC51C9584C8D}
		{B5EE95D2-8680-47FE-8363-2ECFF713C2CE} = {851A967D-76FA-4437-A586-FC51C9584C8D}
		{FAC6DE86-89D9-4764-B072-7730071BF00C} = {851A967D-76FA-4437-A586-FC51C9584C8D}
	EndGlobalSection
	GlobalSection(ExtensibilityGlobals) = postSolution
		SolutionGuid = {4B275DE8-87BC-4257-AD9C-D05D9234F061}
	EndGlobalSection
EndGlobal
