
Microsoft Visual Studio Solution File, Format Version 12.00
# Visual Studio Version 16
VisualStudioVersion = 16.0.30320.27
MinimumVisualStudioVersion = 10.0.40219.1
Project("{9A19103F-16F7-4668-BE54-9A1E7A4F7556}") = "01_sync_breakfast", "01_async_programming\01_sync_breakfast.csproj", "{64436F4D-A623-4033-9956-BB382C246DFD}"
EndProject
Project("{9A19103F-16F7-4668-BE54-9A1E7A4F7556}") = "02_await_breakfast", "02_async_programming\02_await_breakfast.csproj", "{6431C6ED-5F2A-4B67-AF79-E875C0968A3F}"
EndProject
Project("{9A19103F-16F7-4668-BE54-9A1E7A4F7556}") = "03_async_breakfast", "03_async_programming\03_async_breakfast.csproj", "{4AD16488-FDF5-4951-A8D1-4576038E4511}"
EndProject
Global
	GlobalSection(SolutionConfigurationPlatforms) = preSolution
		Debug|Any CPU = Debug|Any CPU
		Release|Any CPU = Release|Any CPU
	EndGlobalSection
	GlobalSection(ProjectConfigurationPlatforms) = postSolution
		{64436F4D-A623-4033-9956-BB382C246DFD}.Debug|Any CPU.ActiveCfg = Debug|Any CPU
		{64436F4D-A623-4033-9956-BB382C246DFD}.Debug|Any CPU.Build.0 = Debug|Any CPU
		{64436F4D-A623-4033-9956-BB382C246DFD}.Release|Any CPU.ActiveCfg = Release|Any CPU
		{64436F4D-A623-4033-9956-BB382C246DFD}.Release|Any CPU.Build.0 = Release|Any CPU
		{6431C6ED-5F2A-4B67-AF79-E875C0968A3F}.Debug|Any CPU.ActiveCfg = Debug|Any CPU
		{6431C6ED-5F2A-4B67-AF79-E875C0968A3F}.Debug|Any CPU.Build.0 = Debug|Any CPU
		{6431C6ED-5F2A-4B67-AF79-E875C0968A3F}.Release|Any CPU.ActiveCfg = Release|Any CPU
		{6431C6ED-5F2A-4B67-AF79-E875C0968A3F}.Release|Any CPU.Build.0 = Release|Any CPU
		{4AD16488-FDF5-4951-A8D1-4576038E4511}.Debug|Any CPU.ActiveCfg = Debug|Any CPU
		{4AD16488-FDF5-4951-A8D1-4576038E4511}.Debug|Any CPU.Build.0 = Debug|Any CPU
		{4AD16488-FDF5-4951-A8D1-4576038E4511}.Release|Any CPU.ActiveCfg = Release|Any CPU
		{4AD16488-FDF5-4951-A8D1-4576038E4511}.Release|Any CPU.Build.0 = Release|Any CPU
	EndGlobalSection
	GlobalSection(SolutionProperties) = preSolution
		HideSolutionNode = FALSE
	EndGlobalSection
	GlobalSection(ExtensibilityGlobals) = postSolution
		SolutionGuid = {4B275DE8-87BC-4257-AD9C-D05D9234F061}
	EndGlobalSection
EndGlobal
